
Microsoft Visual Studio Solution File, Format Version 12.00
# Visual Studio 15
VisualStudioVersion = 15.0.27130.2027
MinimumVisualStudioVersion = 10.0.40219.1
Project("{FAE04EC0-301F-11D3-BF4B-00C04F79EFBC}") = "Lab7ConsolePt1", "Lab7\Lab7ConsolePt1.csproj", "{CE56E001-C4EB-4CB5-9EAB-489A9B894A29}"
EndProject
Project("{FAE04EC0-301F-11D3-BF4B-00C04F79EFBC}") = "Lab7AspNetDisplay", "Lab7AspNetDisplay\Lab7AspNetDisplay.csproj", "{41DCE544-0231-4F2B-9EA8-7A40F32071CC}"
EndProject
Global
	GlobalSection(SolutionConfigurationPlatforms) = preSolution
		Debug|Any CPU = Debug|Any CPU
		Release|Any CPU = Release|Any CPU
	EndGlobalSection
	GlobalSection(ProjectConfigurationPlatforms) = postSolution
		{CE56E001-C4EB-4CB5-9EAB-489A9B894A29}.Debug|Any CPU.ActiveCfg = Debug|Any CPU
		{CE56E001-C4EB-4CB5-9EAB-489A9B894A29}.Debug|Any CPU.Build.0 = Debug|Any CPU
		{CE56E001-C4EB-4CB5-9EAB-489A9B894A29}.Release|Any CPU.ActiveCfg = Release|Any CPU
		{CE56E001-C4EB-4CB5-9EAB-489A9B894A29}.Release|Any CPU.Build.0 = Release|Any CPU
		{41DCE544-0231-4F2B-9EA8-7A40F32071CC}.Debug|Any CPU.ActiveCfg = Debug|Any CPU
		{41DCE544-0231-4F2B-9EA8-7A40F32071CC}.Debug|Any CPU.Build.0 = Debug|Any CPU
		{41DCE544-0231-4F2B-9EA8-7A40F32071CC}.Release|Any CPU.ActiveCfg = Release|Any CPU
		{41DCE544-0231-4F2B-9EA8-7A40F32071CC}.Release|Any CPU.Build.0 = Release|Any CPU
	EndGlobalSection
	GlobalSection(SolutionProperties) = preSolution
		HideSolutionNode = FALSE
	EndGlobalSection
	GlobalSection(ExtensibilityGlobals) = postSolution
		SolutionGuid = {76D24DC3-FBB3-41C5-A148-3F2AF8B9C8AD}
	EndGlobalSection
EndGlobal
